
Microsoft Visual Studio Solution File, Format Version 12.00
# Visual Studio Version 17
VisualStudioVersion = 17.11.35222.181
MinimumVisualStudioVersion = 10.0.40219.1
Project("{FAE04EC0-301F-11D3-BF4B-00C04F79EFBC}") = "ConsoleApp1", "ConsoleApp1\ConsoleApp1.csproj", "{C86D3CB5-72CE-4650-A56B-8326168B070F}"
EndProject
Global
	GlobalSection(SolutionConfigurationPlatforms) = preSolution
		Debug|Any CPU = Debug|Any CPU
		Release|Any CPU = Release|Any CPU
	EndGlobalSection
	GlobalSection(ProjectConfigurationPlatforms) = postSolution
		{C86D3CB5-72CE-4650-A56B-8326168B070F}.Debug|Any CPU.ActiveCfg = Debug|Any CPU
		{C86D3CB5-72CE-4650-A56B-8326168B070F}.Debug|Any CPU.Build.0 = Debug|Any CPU
		{C86D3CB5-72CE-4650-A56B-8326168B070F}.Release|Any CPU.ActiveCfg = Release|Any CPU
		{C86D3CB5-72CE-4650-A56B-8326168B070F}.Release|Any CPU.Build.0 = Release|Any CPU
	EndGlobalSection
	GlobalSection(SolutionProperties) = preSolution
		HideSolutionNode = FALSE
	EndGlobalSection
	GlobalSection(ExtensibilityGlobals) = postSolution
		SolutionGuid = {097A9CAD-B732-4A98-B6A6-ABE70F6C3962}
	EndGlobalSection
EndGlobal
